
Microsoft Visual Studio Solution File, Format Version 12.00
# Visual Studio 15
VisualStudioVersion = 15.0.27428.2037
MinimumVisualStudioVersion = 10.0.40219.1
Project("{FAE04EC0-301F-11D3-BF4B-00C04F79EFBC}") = "Gibe.DittoProcessors.Vorto", "Gibe.DittoProcessors.Vorto\Gibe.DittoProcessors.Vorto.csproj", "{777EC468-7FDA-4683-B24C-6657C18E9C51}"
EndProject
Project("{2150E333-8FDC-42A3-9474-1A3956D46DE8}") = "Solution Items", "Solution Items", "{C524F80D-74C0-4C6A-B08D-9CEF35AA762E}"
	ProjectSection(SolutionItems) = preProject
		LICENSE = LICENSE
		README.md = README.md
		VERSION.txt = VERSION.txt
	EndProjectSection
EndProject
Global
	GlobalSection(SolutionConfigurationPlatforms) = preSolution
		Debug|Any CPU = Debug|Any CPU
		Release|Any CPU = Release|Any CPU
	EndGlobalSection
	GlobalSection(ProjectConfigurationPlatforms) = postSolution
		{777EC468-7FDA-4683-B24C-6657C18E9C51}.Debug|Any CPU.ActiveCfg = Debug|Any CPU
		{777EC468-7FDA-4683-B24C-6657C18E9C51}.Debug|Any CPU.Build.0 = Debug|Any CPU
		{777EC468-7FDA-4683-B24C-6657C18E9C51}.Release|Any CPU.ActiveCfg = Release|Any CPU
		{777EC468-7FDA-4683-B24C-6657C18E9C51}.Release|Any CPU.Build.0 = Release|Any CPU
	EndGlobalSection
	GlobalSection(SolutionProperties) = preSolution
		HideSolutionNode = FALSE
	EndGlobalSection
	GlobalSection(ExtensibilityGlobals) = postSolution
		SolutionGuid = {39F2F155-C899-4064-8AE7-915EF7D383EE}
	EndGlobalSection
EndGlobal
